
Microsoft Visual Studio Solution File, Format Version 12.00
# Visual Studio Version 16
VisualStudioVersion = 16.0.30907.101
MinimumVisualStudioVersion = 10.0.40219.1
Project("{9A19103F-16F7-4668-BE54-9A1E7A4F7556}") = "comp2139-assignment1", "comp2139-assignment2\comp2139-assignment1.csproj", "{DF138B80-6F17-4CAC-B2C7-3E932E7C4BA2}"
EndProject
Global
	GlobalSection(SolutionConfigurationPlatforms) = preSolution
		Debug|Any CPU = Debug|Any CPU
		Release|Any CPU = Release|Any CPU
	EndGlobalSection
	GlobalSection(ProjectConfigurationPlatforms) = postSolution
		{DF138B80-6F17-4CAC-B2C7-3E932E7C4BA2}.Debug|Any CPU.ActiveCfg = Debug|Any CPU
		{DF138B80-6F17-4CAC-B2C7-3E932E7C4BA2}.Debug|Any CPU.Build.0 = Debug|Any CPU
		{DF138B80-6F17-4CAC-B2C7-3E932E7C4BA2}.Release|Any CPU.ActiveCfg = Release|Any CPU
		{DF138B80-6F17-4CAC-B2C7-3E932E7C4BA2}.Release|Any CPU.Build.0 = Release|Any CPU
	EndGlobalSection
	GlobalSection(SolutionProperties) = preSolution
		HideSolutionNode = FALSE
	EndGlobalSection
	GlobalSection(ExtensibilityGlobals) = postSolution
		SolutionGuid = {16DED700-F991-492A-BD79-249A435331CE}
	EndGlobalSection
EndGlobal
